
Microsoft Visual Studio Solution File, Format Version 12.00
# Visual Studio 15
VisualStudioVersion = 15.0.28307.1300
MinimumVisualStudioVersion = 10.0.40219.1
Project("{FAE04EC0-301F-11D3-BF4B-00C04F79EFBC}") = "WPFValueConversion", "WPFValueConversion\WPFValueConversion.csproj", "{9897E6BF-021A-4EFA-B6E8-DD73DB3A64D4}"
EndProject
Global
	GlobalSection(SolutionConfigurationPlatforms) = preSolution
		Debug|Any CPU = Debug|Any CPU
		Release|Any CPU = Release|Any CPU
	EndGlobalSection
	GlobalSection(ProjectConfigurationPlatforms) = postSolution
		{9897E6BF-021A-4EFA-B6E8-DD73DB3A64D4}.Debug|Any CPU.ActiveCfg = Debug|Any CPU
		{9897E6BF-021A-4EFA-B6E8-DD73DB3A64D4}.Debug|Any CPU.Build.0 = Debug|Any CPU
		{9897E6BF-021A-4EFA-B6E8-DD73DB3A64D4}.Release|Any CPU.ActiveCfg = Release|Any CPU
		{9897E6BF-021A-4EFA-B6E8-DD73DB3A64D4}.Release|Any CPU.Build.0 = Release|Any CPU
	EndGlobalSection
	GlobalSection(SolutionProperties) = preSolution
		HideSolutionNode = FALSE
	EndGlobalSection
	GlobalSection(ExtensibilityGlobals) = postSolution
		SolutionGuid = {4085E37F-74FB-4F7E-A52B-966165A7C5D2}
	EndGlobalSection
EndGlobal
